// !$*UTF8*$!
{
	archiveVersion = 1;
	classes = {
	};
	objectVersion = 56;
	objects = {

/* Begin PBXBuildFile section */
		887B7A85298AB3F2001F86F0 /* AppDelegate.swift in Sources */ = {isa = PBXBuildFile; fileRef = 887B7A84298AB3F2001F86F0 /* AppDelegate.swift */; };
		887B7A87298AB3F2001F86F0 /* SceneDelegate.swift in Sources */ = {isa = PBXBuildFile; fileRef = 887B7A86298AB3F2001F86F0 /* SceneDelegate.swift */; };
		887B7A8C298AB3F2001F86F0 /* Main.storyboard in Resources */ = {isa = PBXBuildFile; fileRef = 887B7A8A298AB3F2001F86F0 /* Main.storyboard */; };
		887B7A8F298AB3F2001F86F0 /* todo_coredata.xcdatamodeld in Sources */ = {isa = PBXBuildFile; fileRef = 887B7A8D298AB3F2001F86F0 /* todo_coredata.xcdatamodeld */; };
		887B7A91298AB3F4001F86F0 /* Assets.xcassets in Resources */ = {isa = PBXBuildFile; fileRef = 887B7A90298AB3F4001F86F0 /* Assets.xcassets */; };
		887B7A94298AB3F4001F86F0 /* LaunchScreen.storyboard in Resources */ = {isa = PBXBuildFile; fileRef = 887B7A92298AB3F4001F86F0 /* LaunchScreen.storyboard */; };
		887B7A9F298AB65A001F86F0 /* MemoData+CoreDataClass.swift in Sources */ = {isa = PBXBuildFile; fileRef = 887B7A9D298AB65A001F86F0 /* MemoData+CoreDataClass.swift */; };
		887B7AA0298AB65A001F86F0 /* MemoData+CoreDataProperties.swift in Sources */ = {isa = PBXBuildFile; fileRef = 887B7A9E298AB65A001F86F0 /* MemoData+CoreDataProperties.swift */; };
		88A735E1298B2DB5009745DC /* ViewController.swift in Sources */ = {isa = PBXBuildFile; fileRef = 88A735E0298B2DB5009745DC /* ViewController.swift */; };
		88A735E4298B2E0A009745DC /* CoreDataManager.swift in Sources */ = {isa = PBXBuildFile; fileRef = 88A735E3298B2E0A009745DC /* CoreDataManager.swift */; };
		88A735E6298B4F7B009745DC /* ToDoCell.swift in Sources */ = {isa = PBXBuildFile; fileRef = 88A735E5298B4F7B009745DC /* ToDoCell.swift */; };
		88D8A007298FD594003BC5E7 /* DetailViewController.swift in Sources */ = {isa = PBXBuildFile; fileRef = 88D8A006298FD594003BC5E7 /* DetailViewController.swift */; };
		C932AB112990C767006B3FFB /* MyColor.swift in Sources */ = {isa = PBXBuildFile; fileRef = C932AB102990C767006B3FFB /* MyColor.swift */; };
/* End PBXBuildFile section */

/* Begin PBXFileReference section */
		887B7A81298AB3F2001F86F0 /* todo-coredata.app */ = {isa = PBXFileReference; explicitFileType = wrapper.application; includeInIndex = 0; path = "todo-coredata.app"; sourceTree = BUILT_PRODUCTS_DIR; };
		887B7A84298AB3F2001F86F0 /* AppDelegate.swift */ = {isa = PBXFileReference; lastKnownFileType = sourcecode.swift; path = AppDelegate.swift; sourceTree = "<group>"; };
		887B7A86298AB3F2001F86F0 /* SceneDelegate.swift */ = {isa = PBXFileReference; lastKnownFileType = sourcecode.swift; path = SceneDelegate.swift; sourceTree = "<group>"; };
		887B7A8B298AB3F2001F86F0 /* Base */ = {isa = PBXFileReference; lastKnownFileType = file.storyboard; name = Base; path = Base.lproj/Main.storyboard; sourceTree = "<group>"; };
		887B7A8E298AB3F2001F86F0 /* todo_coredata.xcdatamodel */ = {isa = PBXFileReference; lastKnownFileType = wrapper.xcdatamodel; path = todo_coredata.xcdatamodel; sourceTree = "<group>"; };
		887B7A90298AB3F4001F86F0 /* Assets.xcassets */ = {isa = PBXFileReference; lastKnownFileType = folder.assetcatalog; path = Assets.xcassets; sourceTree = "<group>"; };
		887B7A93298AB3F4001F86F0 /* Base */ = {isa = PBXFileReference; lastKnownFileType = file.storyboard; name = Base; path = Base.lproj/LaunchScreen.storyboard; sourceTree = "<group>"; };
		887B7A95298AB3F4001F86F0 /* Info.plist */ = {isa = PBXFileReference; lastKnownFileType = text.plist.xml; path = Info.plist; sourceTree = "<group>"; };
		887B7A9D298AB65A001F86F0 /* MemoData+CoreDataClass.swift */ = {isa = PBXFileReference; lastKnownFileType = sourcecode.swift; path = "MemoData+CoreDataClass.swift"; sourceTree = "<group>"; };
		887B7A9E298AB65A001F86F0 /* MemoData+CoreDataProperties.swift */ = {isa = PBXFileReference; lastKnownFileType = sourcecode.swift; path = "MemoData+CoreDataProperties.swift"; sourceTree = "<group>"; };
		88A735E0298B2DB5009745DC /* ViewController.swift */ = {isa = PBXFileReference; lastKnownFileType = sourcecode.swift; path = ViewController.swift; sourceTree = "<group>"; };
		88A735E3298B2E0A009745DC /* CoreDataManager.swift */ = {isa = PBXFileReference; lastKnownFileType = sourcecode.swift; path = CoreDataManager.swift; sourceTree = "<group>"; };
		88A735E5298B4F7B009745DC /* ToDoCell.swift */ = {isa = PBXFileReference; lastKnownFileType = sourcecode.swift; path = ToDoCell.swift; sourceTree = "<group>"; };
		88D8A006298FD594003BC5E7 /* DetailViewController.swift */ = {isa = PBXFileReference; lastKnownFileType = sourcecode.swift; path = DetailViewController.swift; sourceTree = "<group>"; };
		C932AB102990C767006B3FFB /* MyColor.swift */ = {isa = PBXFileReference; lastKnownFileType = sourcecode.swift; path = MyColor.swift; sourceTree = "<group>"; };
/* End PBXFileReference section */

/* Begin PBXFrameworksBuildPhase section */
		887B7A7E298AB3F2001F86F0 /* Frameworks */ = {
			isa = PBXFrameworksBuildPhase;
			buildActionMask = 2147483647;
			files = (
			);
			runOnlyForDeploymentPostprocessing = 0;
		};
/* End PBXFrameworksBuildPhase section */

/* Begin PBXGroup section */
		887B7A78298AB3F2001F86F0 = {
			isa = PBXGroup;
			children = (
				887B7A83298AB3F2001F86F0 /* todo-coredata */,
				887B7A82298AB3F2001F86F0 /* Products */,
			);
			sourceTree = "<group>";
		};
		887B7A82298AB3F2001F86F0 /* Products */ = {
			isa = PBXGroup;
			children = (
				887B7A81298AB3F2001F86F0 /* todo-coredata.app */,
			);
			name = Products;
			sourceTree = "<group>";
		};
		887B7A83298AB3F2001F86F0 /* todo-coredata */ = {
			isa = PBXGroup;
			children = (
				887B7A84298AB3F2001F86F0 /* AppDelegate.swift */,
				887B7A86298AB3F2001F86F0 /* SceneDelegate.swift */,
				887B7A90298AB3F4001F86F0 /* Assets.xcassets */,
				887B7A92298AB3F4001F86F0 /* LaunchScreen.storyboard */,
				887B7A95298AB3F4001F86F0 /* Info.plist */,
				C932AB0F2990C75D006B3FFB /* Helpers */,
				88A735E2298B2DED009745DC /* Models */,
				887B7AA1298B21CE001F86F0 /* Views */,
				88A735DF298B2CB5009745DC /* Controllers */,
				887B7A8D298AB3F2001F86F0 /* todo_coredata.xcdatamodeld */,
				887B7A9D298AB65A001F86F0 /* MemoData+CoreDataClass.swift */,
				887B7A9E298AB65A001F86F0 /* MemoData+CoreDataProperties.swift */,
			);
			path = "todo-coredata";
			sourceTree = "<group>";
		};
		887B7AA1298B21CE001F86F0 /* Views */ = {
			isa = PBXGroup;
			children = (
				887B7A8A298AB3F2001F86F0 /* Main.storyboard */,
				88A735E5298B4F7B009745DC /* ToDoCell.swift */,
			);
			path = Views;
			sourceTree = "<group>";
		};
		88A735DF298B2CB5009745DC /* Controllers */ = {
			isa = PBXGroup;
			children = (
				88A735E0298B2DB5009745DC /* ViewController.swift */,
				88D8A006298FD594003BC5E7 /* DetailViewController.swift */,
			);
			path = Controllers;
			sourceTree = "<group>";
		};
		88A735E2298B2DED009745DC /* Models */ = {
			isa = PBXGroup;
			children = (
				88A735E3298B2E0A009745DC /* CoreDataManager.swift */,
			);
			path = Models;
			sourceTree = "<group>";
		};
		C932AB0F2990C75D006B3FFB /* Helpers */ = {
			isa = PBXGroup;
			children = (
				C932AB102990C767006B3FFB /* MyColor.swift */,
			);
			path = Helpers;
			sourceTree = "<group>";
		};
/* End PBXGroup section */

/* Begin PBXNativeTarget section */
		887B7A80298AB3F2001F86F0 /* todo-coredata */ = {
			isa = PBXNativeTarget;
			buildConfigurationList = 887B7A98298AB3F4001F86F0 /* Build configuration list for PBXNativeTarget "todo-coredata" */;
			buildPhases = (
				887B7A7D298AB3F2001F86F0 /* Sources */,
				887B7A7E298AB3F2001F86F0 /* Frameworks */,
				887B7A7F298AB3F2001F86F0 /* Resources */,
			);
			buildRules = (
			);
			dependencies = (
			);
			name = "todo-coredata";
			productName = "todo-coredata";
			productReference = 887B7A81298AB3F2001F86F0 /* todo-coredata.app */;
			productType = "com.apple.product-type.application";
		};
/* End PBXNativeTarget section */

/* Begin PBXProject section */
		887B7A79298AB3F2001F86F0 /* Project object */ = {
			isa = PBXProject;
			attributes = {
				BuildIndependentTargetsInParallel = 1;
				LastSwiftUpdateCheck = 1410;
				LastUpgradeCheck = 1410;
				TargetAttributes = {
					887B7A80298AB3F2001F86F0 = {
						CreatedOnToolsVersion = 14.1;
					};
				};
			};
			buildConfigurationList = 887B7A7C298AB3F2001F86F0 /* Build configuration list for PBXProject "todo-coredata" */;
			compatibilityVersion = "Xcode 14.0";
			developmentRegion = en;
			hasScannedForEncodings = 0;
			knownRegions = (
				en,
				Base,
			);
			mainGroup = 887B7A78298AB3F2001F86F0;
			productRefGroup = 887B7A82298AB3F2001F86F0 /* Products */;
			projectDirPath = "";
			projectRoot = "";
			targets = (
				887B7A80298AB3F2001F86F0 /* todo-coredata */,
			);
		};
/* End PBXProject section */

/* Begin PBXResourcesBuildPhase section */
		887B7A7F298AB3F2001F86F0 /* Resources */ = {
			isa = PBXResourcesBuildPhase;
			buildActionMask = 2147483647;
			files = (
				887B7A94298AB3F4001F86F0 /* LaunchScreen.storyboard in Resources */,
				887B7A91298AB3F4001F86F0 /* Assets.xcassets in Resources */,
				887B7A8C298AB3F2001F86F0 /* Main.storyboard in Resources */,
			);
			runOnlyForDeploymentPostprocessing = 0;
		};
/* End PBXResourcesBuildPhase section */

/* Begin PBXSourcesBuildPhase section */
		887B7A7D298AB3F2001F86F0 /* Sources */ = {
			isa = PBXSourcesBuildPhase;
			buildActionMask = 2147483647;
			files = (
				88D8A007298FD594003BC5E7 /* DetailViewController.swift in Sources */,
				887B7A85298AB3F2001F86F0 /* AppDelegate.swift in Sources */,
				887B7A8F298AB3F2001F86F0 /* todo_coredata.xcdatamodeld in Sources */,
				887B7A9F298AB65A001F86F0 /* MemoData+CoreDataClass.swift in Sources */,
				887B7AA0298AB65A001F86F0 /* MemoData+CoreDataProperties.swift in Sources */,
				C932AB112990C767006B3FFB /* MyColor.swift in Sources */,
				88A735E1298B2DB5009745DC /* ViewController.swift in Sources */,
				887B7A87298AB3F2001F86F0 /* SceneDelegate.swift in Sources */,
				88A735E4298B2E0A009745DC /* CoreDataManager.swift in Sources */,
				88A735E6298B4F7B009745DC /* ToDoCell.swift in Sources */,
			);
			runOnlyForDeploymentPostprocessing = 0;
		};
/* End PBXSourcesBuildPhase section */

/* Begin PBXVariantGroup section */
		887B7A8A298AB3F2001F86F0 /* Main.storyboard */ = {
			isa = PBXVariantGroup;
			children = (
				887B7A8B298AB3F2001F86F0 /* Base */,
			);
			name = Main.storyboard;
			sourceTree = "<group>";
		};
		887B7A92298AB3F4001F86F0 /* LaunchScreen.storyboard */ = {
			isa = PBXVariantGroup;
			children = (
				887B7A93298AB3F4001F86F0 /* Base */,
			);
			name = LaunchScreen.storyboard;
			sourceTree = "<group>";
		};
/* End PBXVariantGroup section */

/* Begin XCBuildConfiguration section */
		887B7A96298AB3F4001F86F0 /* Debug */ = {
			isa = XCBuildConfiguration;
			buildSettings = {
				ALWAYS_SEARCH_USER_PATHS = NO;
				CLANG_ANALYZER_NONNULL = YES;
				CLANG_ANALYZER_NUMBER_OBJECT_CONVERSION = YES_AGGRESSIVE;
				CLANG_CXX_LANGUAGE_STANDARD = "gnu++20";
				CLANG_ENABLE_MODULES = YES;
				CLANG_ENABLE_OBJC_ARC = YES;
				CLANG_ENABLE_OBJC_WEAK = YES;
				CLANG_WARN_BLOCK_CAPTURE_AUTORELEASING = YES;
				CLANG_WARN_BOOL_CONVERSION = YES;
				CLANG_WARN_COMMA = YES;
				CLANG_WARN_CONSTANT_CONVERSION = YES;
				CLANG_WARN_DEPRECATED_OBJC_IMPLEMENTATIONS = YES;
				CLANG_WARN_DIRECT_OBJC_ISA_USAGE = YES_ERROR;
				CLANG_WARN_DOCUMENTATION_COMMENTS = YES;
				CLANG_WARN_EMPTY_BODY = YES;
				CLANG_WARN_ENUM_CONVERSION = YES;
				CLANG_WARN_INFINITE_RECURSION = YES;
				CLANG_WARN_INT_CONVERSION = YES;
				CLANG_WARN_NON_LITERAL_NULL_CONVERSION = YES;
				CLANG_WARN_OBJC_IMPLICIT_RETAIN_SELF = YES;
				CLANG_WARN_OBJC_LITERAL_CONVERSION = YES;
				CLANG_WARN_OBJC_ROOT_CLASS = YES_ERROR;
				CLANG_WARN_QUOTED_INCLUDE_IN_FRAMEWORK_HEADER = YES;
				CLANG_WARN_RANGE_LOOP_ANALYSIS = YES;
				CLANG_WARN_STRICT_PROTOTYPES = YES;
				CLANG_WARN_SUSPICIOUS_MOVE = YES;
				CLANG_WARN_UNGUARDED_AVAILABILITY = YES_AGGRESSIVE;
				CLANG_WARN_UNREACHABLE_CODE = YES;
				CLANG_WARN__DUPLICATE_METHOD_MATCH = YES;
				COPY_PHASE_STRIP = NO;
				DEBUG_INFORMATION_FORMAT = dwarf;
				ENABLE_STRICT_OBJC_MSGSEND = YES;
				ENABLE_TESTABILITY = YES;
				GCC_C_LANGUAGE_STANDARD = gnu11;
				GCC_DYNAMIC_NO_PIC = NO;
				GCC_NO_COMMON_BLOCKS = YES;
				GCC_OPTIMIZATION_LEVEL = 0;
				GCC_PREPROCESSOR_DEFINITIONS = (
					"DEBUG=1",
					"$(inherited)",
				);
				GCC_WARN_64_TO_32_BIT_CONVERSION = YES;
				GCC_WARN_ABOUT_RETURN_TYPE = YES_ERROR;
				GCC_WARN_UNDECLARED_SELECTOR = YES;
				GCC_WARN_UNINITIALIZED_AUTOS = YES_AGGRESSIVE;
				GCC_WARN_UNUSED_FUNCTION = YES;
				GCC_WARN_UNUSED_VARIABLE = YES;
				IPHONEOS_DEPLOYMENT_TARGET = 16.1;
				MTL_ENABLE_DEBUG_INFO = INCLUDE_SOURCE;
				MTL_FAST_MATH = YES;
				ONLY_ACTIVE_ARCH = YES;
				SDKROOT = iphoneos;
				SWIFT_ACTIVE_COMPILATION_CONDITIONS = DEBUG;
				SWIFT_OPTIMIZATION_LEVEL = "-Onone";
			};
			name = Debug;
		};
		887B7A97298AB3F4001F86F0 /* Release */ = {
			isa = XCBuildConfiguration;
			buildSettings = {
				ALWAYS_SEARCH_USER_PATHS = NO;
				CLANG_ANALYZER_NONNULL = YES;
				CLANG_ANALYZER_NUMBER_OBJECT_CONVERSION = YES_AGGRESSIVE;
				CLANG_CXX_LANGUAGE_STANDARD = "gnu++20";
				CLANG_ENABLE_MODULES = YES;
				CLANG_ENABLE_OBJC_ARC = YES;
				CLANG_ENABLE_OBJC_WEAK = YES;
				CLANG_WARN_BLOCK_CAPTURE_AUTORELEASING = YES;
				CLANG_WARN_BOOL_CONVERSION = YES;
				CLANG_WARN_COMMA = YES;
				CLANG_WARN_CONSTANT_CONVERSION = YES;
				CLANG_WARN_DEPRECATED_OBJC_IMPLEMENTATIONS = YES;
				CLANG_WARN_DIRECT_OBJC_ISA_USAGE = YES_ERROR;
				CLANG_WARN_DOCUMENTATION_COMMENTS = YES;
				CLANG_WARN_EMPTY_BODY = YES;
				CLANG_WARN_ENUM_CONVERSION = YES;
				CLANG_WARN_INFINITE_RECURSION = YES;
				CLANG_WARN_INT_CONVERSION = YES;
				CLANG_WARN_NON_LITERAL_NULL_CONVERSION = YES;
				CLANG_WARN_OBJC_IMPLICIT_RETAIN_SELF = YES;
				CLANG_WARN_OBJC_LITERAL_CONVERSION = YES;
				CLANG_WARN_OBJC_ROOT_CLASS = YES_ERROR;
				CLANG_WARN_QUOTED_INCLUDE_IN_FRAMEWORK_HEADER = YES;
				CLANG_WARN_RANGE_LOOP_ANALYSIS = YES;
				CLANG_WARN_STRICT_PROTOTYPES = YES;
				CLANG_WARN_SUSPICIOUS_MOVE = YES;
				CLANG_WARN_UNGUARDED_AVAILABILITY = YES_AGGRESSIVE;
				CLANG_WARN_UNREACHABLE_CODE = YES;
				CLANG_WARN__DUPLICATE_METHOD_MATCH = YES;
				COPY_PHASE_STRIP = NO;
				DEBUG_INFORMATION_FORMAT = "dwarf-with-dsym";
				ENABLE_NS_ASSERTIONS = NO;
				ENABLE_STRICT_OBJC_MSGSEND = YES;
				GCC_C_LANGUAGE_STANDARD = gnu11;
				GCC_NO_COMMON_BLOCKS = YES;
				GCC_WARN_64_TO_32_BIT_CONVERSION = YES;
				GCC_WARN_ABOUT_RETURN_TYPE = YES_ERROR;
				GCC_WARN_UNDECLARED_SELECTOR = YES;
				GCC_WARN_UNINITIALIZED_AUTOS = YES_AGGRESSIVE;
				GCC_WARN_UNUSED_FUNCTION = YES;
				GCC_WARN_UNUSED_VARIABLE = YES;
				IPHONEOS_DEPLOYMENT_TARGET = 16.1;
				MTL_ENABLE_DEBUG_INFO = NO;
				MTL_FAST_MATH = YES;
				SDKROOT = iphoneos;
				SWIFT_COMPILATION_MODE = wholemodule;
				SWIFT_OPTIMIZATION_LEVEL = "-O";
				VALIDATE_PRODUCT = YES;
			};
			name = Release;
		};
		887B7A99298AB3F4001F86F0 /* Debug */ = {
			isa = XCBuildConfiguration;
			buildSettings = {
				ASSETCATALOG_COMPILER_APPICON_NAME = AppIcon;
				ASSETCATALOG_COMPILER_GLOBAL_ACCENT_COLOR_NAME = AccentColor;
				CODE_SIGN_STYLE = Automatic;
				CURRENT_PROJECT_VERSION = 1;
				DEVELOPMENT_TEAM = 5JQS3FU5R6;
				GENERATE_INFOPLIST_FILE = YES;
				INFOPLIST_FILE = "todo-coredata/Info.plist";
				INFOPLIST_KEY_UIApplicationSupportsIndirectInputEvents = YES;
				INFOPLIST_KEY_UILaunchStoryboardName = LaunchScreen;
				INFOPLIST_KEY_UIMainStoryboardFile = Main;
				INFOPLIST_KEY_UISupportedInterfaceOrientations_iPad = "UIInterfaceOrientationPortrait UIInterfaceOrientationPortraitUpsideDown UIInterfaceOrientationLandscapeLeft UIInterfaceOrientationLandscapeRight";
				INFOPLIST_KEY_UISupportedInterfaceOrientations_iPhone = "UIInterfaceOrientationPortrait UIInterfaceOrientationLandscapeLeft UIInterfaceOrientationLandscapeRight";
				LD_RUNPATH_SEARCH_PATHS = (
					"$(inherited)",
					"@executable_path/Frameworks",
				);
				MARKETING_VERSION = 1.0;
				PRODUCT_BUNDLE_IDENTIFIER = "com.parkjju.todo-coredata";
				PRODUCT_NAME = "$(TARGET_NAME)";
				SWIFT_EMIT_LOC_STRINGS = YES;
				SWIFT_VERSION = 5.0;
				TARGETED_DEVICE_FAMILY = "1,2";
			};
			name = Debug;
		};
		887B7A9A298AB3F4001F86F0 /* Release */ = {
			isa = XCBuildConfiguration;
			buildSettings = {
				ASSETCATALOG_COMPILER_APPICON_NAME = AppIcon;
				ASSETCATALOG_COMPILER_GLOBAL_ACCENT_COLOR_NAME = AccentColor;
				CODE_SIGN_STYLE = Automatic;
				CURRENT_PROJECT_VERSION = 1;
				DEVELOPMENT_TEAM = 5JQS3FU5R6;
				GENERATE_INFOPLIST_FILE = YES;
				INFOPLIST_FILE = "todo-coredata/Info.plist";
				INFOPLIST_KEY_UIApplicationSupportsIndirectInputEvents = YES;
				INFOPLIST_KEY_UILaunchStoryboardName = LaunchScreen;
				INFOPLIST_KEY_UIMainStoryboardFile = Main;
				INFOPLIST_KEY_UISupportedInterfaceOrientations_iPad = "UIInterfaceOrientationPortrait UIInterfaceOrientationPortraitUpsideDown UIInterfaceOrientationLandscapeLeft UIInterfaceOrientationLandscapeRight";
				INFOPLIST_KEY_UISupportedInterfaceOrientations_iPhone = "UIInterfaceOrientationPortrait UIInterfaceOrientationLandscapeLeft UIInterfaceOrientationLandscapeRight";
				LD_RUNPATH_SEARCH_PATHS = (
					"$(inherited)",
					"@executable_path/Frameworks",
				);
				MARKETING_VERSION = 1.0;
				PRODUCT_BUNDLE_IDENTIFIER = "com.parkjju.todo-coredata";
				PRODUCT_NAME = "$(TARGET_NAME)";
				SWIFT_EMIT_LOC_STRINGS = YES;
				SWIFT_VERSION = 5.0;
				TARGETED_DEVICE_FAMILY = "1,2";
			};
			name = Release;
		};
/* End XCBuildConfiguration section */

/* Begin XCConfigurationList section */
		887B7A7C298AB3F2001F86F0 /* Build configuration list for PBXProject "todo-coredata" */ = {
			isa = XCConfigurationList;
			buildConfigurations = (
				887B7A96298AB3F4001F86F0 /* Debug */,
				887B7A97298AB3F4001F86F0 /* Release */,
			);
			defaultConfigurationIsVisible = 0;
			defaultConfigurationName = Release;
		};
		887B7A98298AB3F4001F86F0 /* Build configuration list for PBXNativeTarget "todo-coredata" */ = {
			isa = XCConfigurationList;
			buildConfigurations = (
				887B7A99298AB3F4001F86F0 /* Debug */,
				887B7A9A298AB3F4001F86F0 /* Release */,
			);
			defaultConfigurationIsVisible = 0;
			defaultConfigurationName = Release;
		};
/* End XCConfigurationList section */

/* Begin XCVersionGroup section */
		887B7A8D298AB3F2001F86F0 /* todo_coredata.xcdatamodeld */ = {
			isa = XCVersionGroup;
			children = (
				887B7A8E298AB3F2001F86F0 /* todo_coredata.xcdatamodel */,
			);
			currentVersion = 887B7A8E298AB3F2001F86F0 /* todo_coredata.xcdatamodel */;
			path = todo_coredata.xcdatamodeld;
			sourceTree = "<group>";
			versionGroupType = wrapper.xcdatamodel;
		};
/* End XCVersionGroup section */
	};
	rootObject = 887B7A79298AB3F2001F86F0 /* Project object */;
}
